
Microsoft Visual Studio Solution File, Format Version 12.00
# Visual Studio 14
VisualStudioVersion = 14.0.24720.0
MinimumVisualStudioVersion = 10.0.40219.1
Project("{FAE04EC0-301F-11D3-BF4B-00C04F79EFBC}") = "DelegatesExample", "DelegatesExample\DelegatesExample.csproj", "{0C99362A-5E87-4DFE-A44F-76AE1FDDC30F}"
EndProject
Project("{FAE04EC0-301F-11D3-BF4B-00C04F79EFBC}") = "DelegatesExample2", "DelegatesExample2\DelegatesExample2.csproj", "{D0D378AF-9E92-4024-B081-4303C32A8477}"
EndProject
Project("{FAE04EC0-301F-11D3-BF4B-00C04F79EFBC}") = "DelegateChaining", "DelegateChaining\DelegateChaining.csproj", "{3DA1056C-302D-473F-9057-FFBFCB8F311E}"
EndProject
Global
	GlobalSection(SolutionConfigurationPlatforms) = preSolution
		Debug|Any CPU = Debug|Any CPU
		Release|Any CPU = Release|Any CPU
	EndGlobalSection
	GlobalSection(ProjectConfigurationPlatforms) = postSolution
		{0C99362A-5E87-4DFE-A44F-76AE1FDDC30F}.Debug|Any CPU.ActiveCfg = Debug|Any CPU
		{0C99362A-5E87-4DFE-A44F-76AE1FDDC30F}.Debug|Any CPU.Build.0 = Debug|Any CPU
		{0C99362A-5E87-4DFE-A44F-76AE1FDDC30F}.Release|Any CPU.ActiveCfg = Release|Any CPU
		{0C99362A-5E87-4DFE-A44F-76AE1FDDC30F}.Release|Any CPU.Build.0 = Release|Any CPU
		{D0D378AF-9E92-4024-B081-4303C32A8477}.Debug|Any CPU.ActiveCfg = Debug|Any CPU
		{D0D378AF-9E92-4024-B081-4303C32A8477}.Debug|Any CPU.Build.0 = Debug|Any CPU
		{D0D378AF-9E92-4024-B081-4303C32A8477}.Release|Any CPU.ActiveCfg = Release|Any CPU
		{D0D378AF-9E92-4024-B081-4303C32A8477}.Release|Any CPU.Build.0 = Release|Any CPU
		{3DA1056C-302D-473F-9057-FFBFCB8F311E}.Debug|Any CPU.ActiveCfg = Debug|Any CPU
		{3DA1056C-302D-473F-9057-FFBFCB8F311E}.Debug|Any CPU.Build.0 = Debug|Any CPU
		{3DA1056C-302D-473F-9057-FFBFCB8F311E}.Release|Any CPU.ActiveCfg = Release|Any CPU
		{3DA1056C-302D-473F-9057-FFBFCB8F311E}.Release|Any CPU.Build.0 = Release|Any CPU
	EndGlobalSection
	GlobalSection(SolutionProperties) = preSolution
		HideSolutionNode = FALSE
	EndGlobalSection
EndGlobal
